
Microsoft Visual Studio Solution File, Format Version 12.00
# Visual Studio Version 17
VisualStudioVersion = 17.13.35825.156 d17.13
MinimumVisualStudioVersion = 10.0.40219.1
Project("{FAE04EC0-301F-11D3-BF4B-00C04F79EFBC}") = "Calculadora.ConsoleApp", "Calculadora.ConsoleApp\Calculadora.ConsoleApp.csproj", "{0EB4963D-5219-4ED1-9CB6-27B796B22D81}"
EndProject
Global
	GlobalSection(SolutionConfigurationPlatforms) = preSolution
		Debug|Any CPU = Debug|Any CPU
		Release|Any CPU = Release|Any CPU
	EndGlobalSection
	GlobalSection(ProjectConfigurationPlatforms) = postSolution
		{0EB4963D-5219-4ED1-9CB6-27B796B22D81}.Debug|Any CPU.ActiveCfg = Debug|Any CPU
		{0EB4963D-5219-4ED1-9CB6-27B796B22D81}.Debug|Any CPU.Build.0 = Debug|Any CPU
		{0EB4963D-5219-4ED1-9CB6-27B796B22D81}.Release|Any CPU.ActiveCfg = Release|Any CPU
		{0EB4963D-5219-4ED1-9CB6-27B796B22D81}.Release|Any CPU.Build.0 = Release|Any CPU
	EndGlobalSection
	GlobalSection(SolutionProperties) = preSolution
		HideSolutionNode = FALSE
	EndGlobalSection
	GlobalSection(ExtensibilityGlobals) = postSolution
		SolutionGuid = {BADCF3EF-A9D0-4079-B72B-E1ABDDCEC3E9}
	EndGlobalSection
EndGlobal
